// !$*UTF8*$!
{
	archiveVersion = 1;
	classes = {
	};
	objectVersion = 50;
	objects = {

/* Begin PBXBuildFile section */
		9011AB0626F399DB00D762E8 /* flags.cpp in Sources */ = {isa = PBXBuildFile; fileRef = 9011AB0526F399DB00D762E8 /* flags.cpp */; };
		90270FDA2671EEBB002C211C /* input.cpp in Sources */ = {isa = PBXBuildFile; fileRef = 90270FCA2671EEBB002C211C /* input.cpp */; };
		90270FDB2671EEBB002C211C /* find.cpp in Sources */ = {isa = PBXBuildFile; fileRef = 90270FCC2671EEBB002C211C /* find.cpp */; };
		90270FDC2671EEBC002C211C /* fileio.cpp in Sources */ = {isa = PBXBuildFile; fileRef = 90270FCF2671EEBB002C211C /* fileio.cpp */; };
		90270FDD2671EEBC002C211C /* output.cpp in Sources */ = {isa = PBXBuildFile; fileRef = 90270FD02671EEBB002C211C /* output.cpp */; };
		90270FDE2671EEBC002C211C /* terminal.cpp in Sources */ = {isa = PBXBuildFile; fileRef = 90270FD32671EEBB002C211C /* terminal.cpp */; };
		90270FDF2671EEBC002C211C /* editorOP.cpp in Sources */ = {isa = PBXBuildFile; fileRef = 90270FD52671EEBB002C211C /* editorOP.cpp */; };
		90270FE02671EEBC002C211C /* startEditor.cpp in Sources */ = {isa = PBXBuildFile; fileRef = 90270FD92671EEBB002C211C /* startEditor.cpp */; };
		9046DF932726F67A002E9680 /* libboost_program_options.a in Frameworks */ = {isa = PBXBuildFile; fileRef = 9046DF8D2726F5C3002E9680 /* libboost_program_options.a */; };
		9081509D2661EE57001E461C /* valuearray.cpp in Sources */ = {isa = PBXBuildFile; fileRef = 9081509B2661EE57001E461C /* valuearray.cpp */; };
		9085E84F25F54A9F00C0E1F0 /* object.cpp in Sources */ = {isa = PBXBuildFile; fileRef = 9085E84E25F54A9F00C0E1F0 /* object.cpp */; };
		9085E94825FD0DE900C0E1F0 /* table.cpp in Sources */ = {isa = PBXBuildFile; fileRef = 9085E94725FD0DE800C0E1F0 /* table.cpp */; };
		90A4208125DFB73A00DE641F /* compiler.cpp in Sources */ = {isa = PBXBuildFile; fileRef = 908D972025C7FD3600F9AB2E /* compiler.cpp */; };
		90A4208325DFB73E00DE641F /* debug.cpp in Sources */ = {isa = PBXBuildFile; fileRef = 90E1B4D825BC9811003A74C5 /* debug.cpp */; };
		90A4208525DFB74200DE641F /* memory.cpp in Sources */ = {isa = PBXBuildFile; fileRef = 90E1B4D325BC92AD003A74C5 /* memory.cpp */; };
		90A4208725DFB74500DE641F /* scanner.cpp in Sources */ = {isa = PBXBuildFile; fileRef = 90E1B4EE25C011C5003A74C5 /* scanner.cpp */; };
		90A4208925DFB74800DE641F /* value.cpp in Sources */ = {isa = PBXBuildFile; fileRef = 90E1B4DD25BC9C34003A74C5 /* value.cpp */; };
		90A4208B25DFB74C00DE641F /* vm.cpp in Sources */ = {isa = PBXBuildFile; fileRef = 90E1B4E325BD98D8003A74C5 /* vm.cpp */; };
		90A4208D25DFB75600DE641F /* chunk.cpp in Sources */ = {isa = PBXBuildFile; fileRef = 90E1B4CF25BC8F53003A74C5 /* chunk.cpp */; };
		90D406822794AA5D0007360C /* number.cpp in Sources */ = {isa = PBXBuildFile; fileRef = 90D406802794AA5D0007360C /* number.cpp */; };
		90DAF9542736F6FF00C2FC71 /* util.cpp in Sources */ = {isa = PBXBuildFile; fileRef = 90DAF9522736F6FF00C2FC71 /* util.cpp */; };
/* End PBXBuildFile section */

/* Begin PBXCopyFilesBuildPhase section */
		90CF7EC22785F386009AB1F0 /* CopyFiles */ = {
			isa = PBXCopyFilesBuildPhase;
			buildActionMask = 2147483647;
			dstPath = /usr/share/man/man1/;
			dstSubfolderSpec = 0;
			files = (
			);
			runOnlyForDeploymentPostprocessing = 1;
		};
		90E1B4BB25BC870C003A74C5 /* CopyFiles */ = {
			isa = PBXCopyFilesBuildPhase;
			buildActionMask = 2147483647;
			dstPath = /usr/share/man/man1/;
			dstSubfolderSpec = 0;
			files = (
			);
			runOnlyForDeploymentPostprocessing = 1;
		};
/* End PBXCopyFilesBuildPhase section */

/* Begin PBXFileReference section */
		9011AB0526F399DB00D762E8 /* flags.cpp */ = {isa = PBXFileReference; lastKnownFileType = sourcecode.cpp.cpp; name = flags.cpp; path = cpplox/flags.cpp; sourceTree = SOURCE_ROOT; };
		90270FCA2671EEBB002C211C /* input.cpp */ = {isa = PBXFileReference; fileEncoding = 4; lastKnownFileType = sourcecode.cpp.cpp; path = input.cpp; sourceTree = "<group>"; };
		90270FCB2671EEBB002C211C /* pch.pch */ = {isa = PBXFileReference; fileEncoding = 4; lastKnownFileType = sourcecode.c.h; path = pch.pch; sourceTree = "<group>"; };
		90270FCC2671EEBB002C211C /* find.cpp */ = {isa = PBXFileReference; fileEncoding = 4; lastKnownFileType = sourcecode.cpp.cpp; path = find.cpp; sourceTree = "<group>"; };
		90270FCD2671EEBB002C211C /* terminal.hpp */ = {isa = PBXFileReference; fileEncoding = 4; lastKnownFileType = sourcecode.cpp.h; path = terminal.hpp; sourceTree = "<group>"; };
		90270FCE2671EEBB002C211C /* editorOP.hpp */ = {isa = PBXFileReference; fileEncoding = 4; lastKnownFileType = sourcecode.cpp.h; path = editorOP.hpp; sourceTree = "<group>"; };
		90270FCF2671EEBB002C211C /* fileio.cpp */ = {isa = PBXFileReference; fileEncoding = 4; lastKnownFileType = sourcecode.cpp.cpp; path = fileio.cpp; sourceTree = "<group>"; };
		90270FD02671EEBB002C211C /* output.cpp */ = {isa = PBXFileReference; fileEncoding = 4; lastKnownFileType = sourcecode.cpp.cpp; path = output.cpp; sourceTree = "<group>"; };
		90270FD12671EEBB002C211C /* find.hpp */ = {isa = PBXFileReference; fileEncoding = 4; lastKnownFileType = sourcecode.cpp.h; path = find.hpp; sourceTree = "<group>"; };
		90270FD22671EEBB002C211C /* filetypes.hpp */ = {isa = PBXFileReference; fileEncoding = 4; lastKnownFileType = sourcecode.cpp.h; path = filetypes.hpp; sourceTree = "<group>"; };
		90270FD32671EEBB002C211C /* terminal.cpp */ = {isa = PBXFileReference; fileEncoding = 4; lastKnownFileType = sourcecode.cpp.cpp; path = terminal.cpp; sourceTree = "<group>"; };
		90270FD42671EEBB002C211C /* includes.hpp */ = {isa = PBXFileReference; fileEncoding = 4; lastKnownFileType = sourcecode.cpp.h; path = includes.hpp; sourceTree = "<group>"; };
		90270FD52671EEBB002C211C /* editorOP.cpp */ = {isa = PBXFileReference; fileEncoding = 4; lastKnownFileType = sourcecode.cpp.cpp; path = editorOP.cpp; sourceTree = "<group>"; };
		90270FD62671EEBB002C211C /* fileio.hpp */ = {isa = PBXFileReference; fileEncoding = 4; lastKnownFileType = sourcecode.cpp.h; path = fileio.hpp; sourceTree = "<group>"; };
		90270FD72671EEBB002C211C /* output.hpp */ = {isa = PBXFileReference; fileEncoding = 4; lastKnownFileType = sourcecode.cpp.h; path = output.hpp; sourceTree = "<group>"; };
		90270FD82671EEBB002C211C /* input.hpp */ = {isa = PBXFileReference; fileEncoding = 4; lastKnownFileType = sourcecode.cpp.h; path = input.hpp; sourceTree = "<group>"; };
		90270FD92671EEBB002C211C /* startEditor.cpp */ = {isa = PBXFileReference; fileEncoding = 4; lastKnownFileType = sourcecode.cpp.cpp; path = startEditor.cpp; sourceTree = "<group>"; };
		90270FE52671F703002C211C /* startEditor.hpp */ = {isa = PBXFileReference; lastKnownFileType = sourcecode.cpp.h; path = startEditor.hpp; sourceTree = "<group>"; };
		9046DF8A2726F5A0002E9680 /* libboost_program_options.dylib */ = {isa = PBXFileReference; lastKnownFileType = "compiled.mach-o.dylib"; name = libboost_program_options.dylib; path = ../../../usr/local/lib/libboost_program_options.dylib; sourceTree = "<group>"; };
		9046DF8D2726F5C3002E9680 /* libboost_program_options.a */ = {isa = PBXFileReference; lastKnownFileType = archive.ar; name = libboost_program_options.a; path = ../../../usr/local/lib/libboost_program_options.a; sourceTree = "<group>"; };
		906443D426EFD51400577E0F /* TODO.md */ = {isa = PBXFileReference; fileEncoding = 4; lastKnownFileType = net.daringfireball.markdown; path = TODO.md; sourceTree = "<group>"; };
		906443D526EFD51400577E0F /* README.md */ = {isa = PBXFileReference; fileEncoding = 4; lastKnownFileType = net.daringfireball.markdown; path = README.md; sourceTree = "<group>"; };
		906443D626EFD51400577E0F /* LICENSE */ = {isa = PBXFileReference; fileEncoding = 4; lastKnownFileType = text; path = LICENSE; sourceTree = "<group>"; };
		9081509A2661EDF9001E461C /* nanvalue.hpp */ = {isa = PBXFileReference; lastKnownFileType = sourcecode.cpp.h; path = nanvalue.hpp; sourceTree = "<group>"; };
		9081509B2661EE57001E461C /* valuearray.cpp */ = {isa = PBXFileReference; lastKnownFileType = sourcecode.cpp.cpp; path = valuearray.cpp; sourceTree = "<group>"; };
		9081509C2661EE57001E461C /* valuearray.hpp */ = {isa = PBXFileReference; lastKnownFileType = sourcecode.cpp.h; path = valuearray.hpp; sourceTree = "<group>"; };
		9085E84C25F367B100C0E1F0 /* object.hpp */ = {isa = PBXFileReference; lastKnownFileType = sourcecode.cpp.h; path = object.hpp; sourceTree = "<group>"; };
		9085E84E25F54A9F00C0E1F0 /* object.cpp */ = {isa = PBXFileReference; lastKnownFileType = sourcecode.cpp.cpp; path = object.cpp; sourceTree = "<group>"; };
		9085E94625FD0D5900C0E1F0 /* table.hpp */ = {isa = PBXFileReference; lastKnownFileType = sourcecode.cpp.h; path = table.hpp; sourceTree = "<group>"; };
		9085E94725FD0DE800C0E1F0 /* table.cpp */ = {isa = PBXFileReference; lastKnownFileType = sourcecode.cpp.cpp; path = table.cpp; sourceTree = "<group>"; };
		908D972025C7FD3600F9AB2E /* compiler.cpp */ = {isa = PBXFileReference; lastKnownFileType = sourcecode.cpp.cpp; path = compiler.cpp; sourceTree = "<group>"; };
		90CF7E71277BBEB5009AB1F0 /* test.cpp */ = {isa = PBXFileReference; lastKnownFileType = sourcecode.cpp.cpp; path = test.cpp; sourceTree = "<group>"; };
		90CF7E73277BBF9E009AB1F0 /* libboost_unit_test_framework-mt.dylib */ = {isa = PBXFileReference; lastKnownFileType = "compiled.mach-o.dylib"; name = "libboost_unit_test_framework-mt.dylib"; path = "../../../../usr/local/Cellar/boost/1.76.0/lib/libboost_unit_test_framework-mt.dylib"; sourceTree = "<group>"; };
		90CF7E79277BC1FD009AB1F0 /* libboost_unit_test_framework.dylib */ = {isa = PBXFileReference; lastKnownFileType = "compiled.mach-o.dylib"; name = libboost_unit_test_framework.dylib; path = ../../../../usr/local/Cellar/boost/1.76.0/lib/libboost_unit_test_framework.dylib; sourceTree = "<group>"; };
		90CF7E7B277BC22F009AB1F0 /* libboost_unit_test_framework.a */ = {isa = PBXFileReference; lastKnownFileType = archive.ar; name = libboost_unit_test_framework.a; path = ../../../../usr/local/Cellar/boost/1.76.0/lib/libboost_unit_test_framework.a; sourceTree = "<group>"; };
		90CF7E7D277BFA3D009AB1F0 /* libgtest.a */ = {isa = PBXFileReference; lastKnownFileType = archive.ar; name = libgtest.a; path = ../../../../usr/local/Cellar/googletest/1.11.0/lib/libgtest.a; sourceTree = "<group>"; };
		90CF7EC62785F386009AB1F0 /* cpplox_test */ = {isa = PBXFileReference; explicitFileType = "compiled.mach-o.executable"; includeInIndex = 0; path = cpplox_test; sourceTree = BUILT_PRODUCTS_DIR; };
		90D528AB25E2BD7100DA0BFD /* flags.hpp */ = {isa = PBXFileReference; lastKnownFileType = sourcecode.cpp.h; path = flags.hpp; sourceTree = "<group>"; };
		90DAF9522736F6FF00C2FC71 /* util.cpp */ = {isa = PBXFileReference; lastKnownFileType = sourcecode.cpp.cpp; path = util.cpp; sourceTree = "<group>"; };
		90DAF9532736F6FF00C2FC71 /* util.hpp */ = {isa = PBXFileReference; lastKnownFileType = sourcecode.cpp.h; path = util.hpp; sourceTree = "<group>"; };
		90E1B4BD25BC870C003A74C5 /* cpplox */ = {isa = PBXFileReference; explicitFileType = "compiled.mach-o.executable"; includeInIndex = 0; path = cpplox; sourceTree = BUILT_PRODUCTS_DIR; };
		90E1B4C025BC870C003A74C5 /* main.cpp */ = {isa = PBXFileReference; lastKnownFileType = sourcecode.cpp.cpp; path = main.cpp; sourceTree = "<group>"; };
		90E1B4CE25BC87FB003A74C5 /* chunk.hpp */ = {isa = PBXFileReference; lastKnownFileType = sourcecode.cpp.h; path = chunk.hpp; sourceTree = "<group>"; };
		90E1B4CF25BC8F53003A74C5 /* chunk.cpp */ = {isa = PBXFileReference; lastKnownFileType = sourcecode.cpp.cpp; path = chunk.cpp; sourceTree = "<group>"; };
		90E1B4D225BC90E7003A74C5 /* memory.hpp */ = {isa = PBXFileReference; lastKnownFileType = sourcecode.cpp.h; path = memory.hpp; sourceTree = "<group>"; };
		90E1B4D325BC92AD003A74C5 /* memory.cpp */ = {isa = PBXFileReference; lastKnownFileType = sourcecode.cpp.cpp; path = memory.cpp; sourceTree = "<group>"; };
		90E1B4D725BC97A5003A74C5 /* debug.hpp */ = {isa = PBXFileReference; lastKnownFileType = sourcecode.cpp.h; path = debug.hpp; sourceTree = "<group>"; };
		90E1B4D825BC9811003A74C5 /* debug.cpp */ = {isa = PBXFileReference; lastKnownFileType = sourcecode.cpp.cpp; path = debug.cpp; sourceTree = "<group>"; };
		90E1B4DC25BC9AF7003A74C5 /* value.hpp */ = {isa = PBXFileReference; lastKnownFileType = sourcecode.cpp.h; path = value.hpp; sourceTree = "<group>"; };
		90E1B4DD25BC9C34003A74C5 /* value.cpp */ = {isa = PBXFileReference; lastKnownFileType = sourcecode.cpp.cpp; path = value.cpp; sourceTree = "<group>"; };
		90E1B4E125BD8518003A74C5 /* vm.hpp */ = {isa = PBXFileReference; lastKnownFileType = sourcecode.cpp.h; path = vm.hpp; sourceTree = "<group>"; };
		90E1B4E325BD98D8003A74C5 /* vm.cpp */ = {isa = PBXFileReference; lastKnownFileType = sourcecode.cpp.cpp; path = vm.cpp; sourceTree = "<group>"; };
		90E1B4EB25BFDF32003A74C5 /* compiler.hpp */ = {isa = PBXFileReference; lastKnownFileType = sourcecode.cpp.h; path = compiler.hpp; sourceTree = "<group>"; };
		90E1B4EE25C011C5003A74C5 /* scanner.cpp */ = {isa = PBXFileReference; lastKnownFileType = sourcecode.cpp.cpp; path = scanner.cpp; sourceTree = "<group>"; };
		90E1B4EF25C011C5003A74C5 /* scanner.hpp */ = {isa = PBXFileReference; lastKnownFileType = sourcecode.cpp.h; path = scanner.hpp; sourceTree = "<group>"; };
/* End PBXFileReference section */

/* Begin PBXFrameworksBuildPhase section */
		90CF7EBF2785F386009AB1F0 /* Frameworks */ = {
			isa = PBXFrameworksBuildPhase;
			buildActionMask = 2147483647;
			files = (
				90CF7EC02785F386009AB1F0 /* libgtest.a in Frameworks */,
				90CF7EC12785F386009AB1F0 /* libboost_program_options.a in Frameworks */,
			);
			runOnlyForDeploymentPostprocessing = 0;
		};
		90E1B4BA25BC870C003A74C5 /* Frameworks */ = {
			isa = PBXFrameworksBuildPhase;
			buildActionMask = 2147483647;
			files = (
				90CF7E7E277BFA3D009AB1F0 /* libgtest.a in Frameworks */,
				9046DF932726F67A002E9680 /* libboost_program_options.a in Frameworks */,
			);
			runOnlyForDeploymentPostprocessing = 0;
		};
/* End PBXFrameworksBuildPhase section */

/* Begin PBXGroup section */
		90270FC92671EEBB002C211C /* loxtext */ = {
			isa = PBXGroup;
			children = (
				90270FD52671EEBB002C211C /* editorOP.cpp */,
				90270FCE2671EEBB002C211C /* editorOP.hpp */,
				90270FCF2671EEBB002C211C /* fileio.cpp */,
				90270FD62671EEBB002C211C /* fileio.hpp */,
				90270FD22671EEBB002C211C /* filetypes.hpp */,
				90270FCC2671EEBB002C211C /* find.cpp */,
				90270FD12671EEBB002C211C /* find.hpp */,
				90270FD42671EEBB002C211C /* includes.hpp */,
				90270FCA2671EEBB002C211C /* input.cpp */,
				90270FD82671EEBB002C211C /* input.hpp */,
				90270FD02671EEBB002C211C /* output.cpp */,
				90270FD72671EEBB002C211C /* output.hpp */,
				90270FD92671EEBB002C211C /* startEditor.cpp */,
				90270FE52671F703002C211C /* startEditor.hpp */,
				90270FD32671EEBB002C211C /* terminal.cpp */,
				90270FCD2671EEBB002C211C /* terminal.hpp */,
			);
			path = loxtext;
			sourceTree = "<group>";
		};
		9046DF892726F5A0002E9680 /* Frameworks */ = {
			isa = PBXGroup;
			children = (
				90CF7E7D277BFA3D009AB1F0 /* libgtest.a */,
				90CF7E7B277BC22F009AB1F0 /* libboost_unit_test_framework.a */,
				90CF7E79277BC1FD009AB1F0 /* libboost_unit_test_framework.dylib */,
				90CF7E73277BBF9E009AB1F0 /* libboost_unit_test_framework-mt.dylib */,
				9046DF8D2726F5C3002E9680 /* libboost_program_options.a */,
				9046DF8A2726F5A0002E9680 /* libboost_program_options.dylib */,
			);
			name = Frameworks;
			sourceTree = "<group>";
		};
		90CF7E70277BBE87009AB1F0 /* test */ = {
			isa = PBXGroup;
			children = (
				90CF7E71277BBEB5009AB1F0 /* test.cpp */,
			);
			path = test;
			sourceTree = "<group>";
		};
		90E1B4B425BC870C003A74C5 = {
			isa = PBXGroup;
			children = (
				906443D626EFD51400577E0F /* LICENSE */,
				906443D526EFD51400577E0F /* README.md */,
				906443D426EFD51400577E0F /* TODO.md */,
				90E1B4BF25BC870C003A74C5 /* cpplox */,
				90E1B4BE25BC870C003A74C5 /* Products */,
				9046DF892726F5A0002E9680 /* Frameworks */,
			);
			sourceTree = "<group>";
		};
		90E1B4BE25BC870C003A74C5 /* Products */ = {
			isa = PBXGroup;
			children = (
				90E1B4BD25BC870C003A74C5 /* cpplox */,
				90CF7EC62785F386009AB1F0 /* cpplox_test */,
			);
			name = Products;
			sourceTree = "<group>";
		};
		90E1B4BF25BC870C003A74C5 /* cpplox */ = {
			isa = PBXGroup;
			children = (
				90CF7E70277BBE87009AB1F0 /* test */,
				90270FCB2671EEBB002C211C /* pch.pch */,
				90270FC92671EEBB002C211C /* loxtext */,
				90E1B4CF25BC8F53003A74C5 /* chunk.cpp */,
				90E1B4CE25BC87FB003A74C5 /* chunk.hpp */,
				908D972025C7FD3600F9AB2E /* compiler.cpp */,
				90E1B4EB25BFDF32003A74C5 /* compiler.hpp */,
				90E1B4D825BC9811003A74C5 /* debug.cpp */,
				90E1B4D725BC97A5003A74C5 /* debug.hpp */,
				90D528AB25E2BD7100DA0BFD /* flags.hpp */,
				9011AB0526F399DB00D762E8 /* flags.cpp */,
				90E1B4C025BC870C003A74C5 /* main.cpp */,
				90E1B4D325BC92AD003A74C5 /* memory.cpp */,
				90E1B4D225BC90E7003A74C5 /* memory.hpp */,
				9085E84E25F54A9F00C0E1F0 /* object.cpp */,
				9085E84C25F367B100C0E1F0 /* object.hpp */,
				90E1B4EE25C011C5003A74C5 /* scanner.cpp */,
				90E1B4EF25C011C5003A74C5 /* scanner.hpp */,
				90E1B4DD25BC9C34003A74C5 /* value.cpp */,
				90E1B4DC25BC9AF7003A74C5 /* value.hpp */,
				9081509A2661EDF9001E461C /* nanvalue.hpp */,
				9081509B2661EE57001E461C /* valuearray.cpp */,
				9081509C2661EE57001E461C /* valuearray.hpp */,
				90E1B4E325BD98D8003A74C5 /* vm.cpp */,
				90E1B4E125BD8518003A74C5 /* vm.hpp */,
				9085E94725FD0DE800C0E1F0 /* table.cpp */,
				9085E94625FD0D5900C0E1F0 /* table.hpp */,
				90DAF9522736F6FF00C2FC71 /* util.cpp */,
				90DAF9532736F6FF00C2FC71 /* util.hpp */,
				90D406802794AA5D0007360C /* number.cpp */,
				90D406812794AA5D0007360C /* number.hpp */,
			);
			path = cpplox;
			sourceTree = "<group>";
		};
/* End PBXGroup section */

/* Begin PBXNativeTarget section */
		90CF7EA92785F386009AB1F0 /* cpplox_test */ = {
			isa = PBXNativeTarget;
			buildConfigurationList = 90CF7EC32785F386009AB1F0 /* Build configuration list for PBXNativeTarget "cpplox_test" */;
			buildPhases = (
				90CF7EAA2785F386009AB1F0 /* Sources */,
				90CF7EBF2785F386009AB1F0 /* Frameworks */,
				90CF7EC22785F386009AB1F0 /* CopyFiles */,
			);
			buildRules = (
			);
			dependencies = (
			);
			name = cpplox_test;
			productName = cpplox;
			productReference = 90CF7EC62785F386009AB1F0 /* cpplox_test */;
			productType = "com.apple.product-type.tool";
		};
		90E1B4BC25BC870C003A74C5 /* cpplox */ = {
			isa = PBXNativeTarget;
			buildConfigurationList = 90E1B4C425BC870C003A74C5 /* Build configuration list for PBXNativeTarget "cpplox" */;
			buildPhases = (
				90E1B4B925BC870C003A74C5 /* Sources */,
				90E1B4BA25BC870C003A74C5 /* Frameworks */,
				90E1B4BB25BC870C003A74C5 /* CopyFiles */,
			);
			buildRules = (
			);
			dependencies = (
			);
			name = cpplox;
			productName = cpplox;
			productReference = 90E1B4BD25BC870C003A74C5 /* cpplox */;
			productType = "com.apple.product-type.tool";
		};
/* End PBXNativeTarget section */

/* Begin PBXProject section */
		90E1B4B525BC870C003A74C5 /* Project object */ = {
			isa = PBXProject;
			attributes = {
				LastUpgradeCheck = 1310;
				TargetAttributes = {
					90E1B4BC25BC870C003A74C5 = {
						CreatedOnToolsVersion = 12.3;
					};
				};
			};
			buildConfigurationList = 90E1B4B825BC870C003A74C5 /* Build configuration list for PBXProject "cpplox" */;
			compatibilityVersion = "Xcode 9.3";
			developmentRegion = en;
			hasScannedForEncodings = 0;
			knownRegions = (
				en,
				Base,
			);
			mainGroup = 90E1B4B425BC870C003A74C5;
			productRefGroup = 90E1B4BE25BC870C003A74C5 /* Products */;
			projectDirPath = "";
			projectRoot = "";
			targets = (
				90E1B4BC25BC870C003A74C5 /* cpplox */,
				90CF7EA92785F386009AB1F0 /* cpplox_test */,
			);
		};
/* End PBXProject section */

/* Begin PBXSourcesBuildPhase section */
		90CF7EAA2785F386009AB1F0 /* Sources */ = {
			isa = PBXSourcesBuildPhase;
			buildActionMask = 2147483647;
			files = (
				90CF7EC72785F3F0009AB1F0 /* test.cpp in Sources */,
				90CF7EAC2785F386009AB1F0 /* chunk.cpp in Sources */,
				90CF7EAD2785F386009AB1F0 /* flags.cpp in Sources */,
				90CF7EAE2785F386009AB1F0 /* fileio.cpp in Sources */,
				90CF7EAF2785F386009AB1F0 /* util.cpp in Sources */,
				90CF7EB02785F386009AB1F0 /* startEditor.cpp in Sources */,
				90CF7EB12785F386009AB1F0 /* object.cpp in Sources */,
				90CF7EB22785F386009AB1F0 /* input.cpp in Sources */,
				90CF7EB32785F386009AB1F0 /* valuearray.cpp in Sources */,
				90CF7EB42785F386009AB1F0 /* table.cpp in Sources */,
				90CF7EB52785F386009AB1F0 /* vm.cpp in Sources */,
				90CF7EB62785F386009AB1F0 /* value.cpp in Sources */,
				90CF7EB72785F386009AB1F0 /* output.cpp in Sources */,
				90CF7EB82785F386009AB1F0 /* terminal.cpp in Sources */,
				90CF7EB92785F386009AB1F0 /* find.cpp in Sources */,
				90CF7EBA2785F386009AB1F0 /* scanner.cpp in Sources */,
				90CF7EBB2785F386009AB1F0 /* memory.cpp in Sources */,
				90CF7EBC2785F386009AB1F0 /* editorOP.cpp in Sources */,
				90CF7EBD2785F386009AB1F0 /* debug.cpp in Sources */,
				90CF7EBE2785F386009AB1F0 /* compiler.cpp in Sources */,
			);
			runOnlyForDeploymentPostprocessing = 0;
		};
		90E1B4B925BC870C003A74C5 /* Sources */ = {
			isa = PBXSourcesBuildPhase;
			buildActionMask = 2147483647;
			files = (
				90CF7EA827856FA0009AB1F0 /* main.cpp in Sources */,
				90A4208D25DFB75600DE641F /* chunk.cpp in Sources */,
				9011AB0626F399DB00D762E8 /* flags.cpp in Sources */,
				90D406822794AA5D0007360C /* number.cpp in Sources */,
				90270FDC2671EEBC002C211C /* fileio.cpp in Sources */,
				90DAF9542736F6FF00C2FC71 /* util.cpp in Sources */,
				90270FE02671EEBC002C211C /* startEditor.cpp in Sources */,
				9085E84F25F54A9F00C0E1F0 /* object.cpp in Sources */,
				90270FDA2671EEBB002C211C /* input.cpp in Sources */,
				9081509D2661EE57001E461C /* valuearray.cpp in Sources */,
				9085E94825FD0DE900C0E1F0 /* table.cpp in Sources */,
				90A4208B25DFB74C00DE641F /* vm.cpp in Sources */,
				90A4208925DFB74800DE641F /* value.cpp in Sources */,
				90270FDD2671EEBC002C211C /* output.cpp in Sources */,
				90270FDE2671EEBC002C211C /* terminal.cpp in Sources */,
				90270FDB2671EEBB002C211C /* find.cpp in Sources */,
				90A4208725DFB74500DE641F /* scanner.cpp in Sources */,
				90A4208525DFB74200DE641F /* memory.cpp in Sources */,
				90270FDF2671EEBC002C211C /* editorOP.cpp in Sources */,
				90A4208325DFB73E00DE641F /* debug.cpp in Sources */,
				90A4208125DFB73A00DE641F /* compiler.cpp in Sources */,
			);
			runOnlyForDeploymentPostprocessing = 0;
		};
/* End PBXSourcesBuildPhase section */

/* Begin XCBuildConfiguration section */
		90CF7EC42785F386009AB1F0 /* Debug */ = {
			isa = XCBuildConfiguration;
			buildSettings = {
				CLANG_CXX_LANGUAGE_STANDARD = "c++17";
				CODE_SIGN_IDENTITY = "-";
				CODE_SIGN_STYLE = Automatic;
				LIBRARY_SEARCH_PATHS = (
					"$(inherited)",
					/usr/local/Cellar/boost/1.76.0/lib,
					/usr/local/Cellar/googletest/1.11.0/lib,
				);
				PRODUCT_NAME = "$(TARGET_NAME)";
			};
			name = Debug;
		};
		90CF7EC52785F386009AB1F0 /* Release */ = {
			isa = XCBuildConfiguration;
			buildSettings = {
				CLANG_CXX_LANGUAGE_STANDARD = "c++17";
				CODE_SIGN_IDENTITY = "-";
				CODE_SIGN_STYLE = Automatic;
				LIBRARY_SEARCH_PATHS = (
					"$(inherited)",
					/usr/local/Cellar/boost/1.76.0/lib,
					/usr/local/Cellar/googletest/1.11.0/lib,
				);
				PRODUCT_NAME = "$(TARGET_NAME)";
			};
			name = Release;
		};
		90E1B4C225BC870C003A74C5 /* Debug */ = {
			isa = XCBuildConfiguration;
			buildSettings = {
				ALWAYS_SEARCH_USER_PATHS = NO;
				CLANG_ANALYZER_NONNULL = YES;
				CLANG_ANALYZER_NUMBER_OBJECT_CONVERSION = YES_AGGRESSIVE;
				CLANG_CXX_LANGUAGE_STANDARD = "c++17";
				CLANG_CXX_LIBRARY = "libc++";
				CLANG_ENABLE_MODULES = YES;
				CLANG_ENABLE_OBJC_ARC = YES;
				CLANG_ENABLE_OBJC_WEAK = YES;
				CLANG_WARN_BLOCK_CAPTURE_AUTORELEASING = YES;
				CLANG_WARN_BOOL_CONVERSION = YES;
				CLANG_WARN_COMMA = YES;
				CLANG_WARN_CONSTANT_CONVERSION = YES;
				CLANG_WARN_DEPRECATED_OBJC_IMPLEMENTATIONS = YES;
				CLANG_WARN_DIRECT_OBJC_ISA_USAGE = YES_ERROR;
				CLANG_WARN_DOCUMENTATION_COMMENTS = YES;
				CLANG_WARN_EMPTY_BODY = YES;
				CLANG_WARN_ENUM_CONVERSION = YES;
				CLANG_WARN_INFINITE_RECURSION = YES;
				CLANG_WARN_INT_CONVERSION = YES;
				CLANG_WARN_NON_LITERAL_NULL_CONVERSION = YES;
				CLANG_WARN_OBJC_IMPLICIT_RETAIN_SELF = YES;
				CLANG_WARN_OBJC_LITERAL_CONVERSION = YES;
				CLANG_WARN_OBJC_ROOT_CLASS = YES_ERROR;
				CLANG_WARN_QUOTED_INCLUDE_IN_FRAMEWORK_HEADER = YES;
				CLANG_WARN_RANGE_LOOP_ANALYSIS = YES;
				CLANG_WARN_STRICT_PROTOTYPES = YES;
				CLANG_WARN_SUSPICIOUS_MOVE = YES;
				CLANG_WARN_UNGUARDED_AVAILABILITY = YES_AGGRESSIVE;
				CLANG_WARN_UNREACHABLE_CODE = YES;
				CLANG_WARN__DUPLICATE_METHOD_MATCH = YES;
				COPY_PHASE_STRIP = NO;
				DEBUG_INFORMATION_FORMAT = dwarf;
				ENABLE_STRICT_OBJC_MSGSEND = YES;
				ENABLE_TESTABILITY = YES;
				FRAMEWORK_SEARCH_PATHS = /usr/local/lib;
				GCC_C_LANGUAGE_STANDARD = gnu11;
				GCC_DYNAMIC_NO_PIC = NO;
				GCC_NO_COMMON_BLOCKS = YES;
				GCC_OPTIMIZATION_LEVEL = 0;
				GCC_PRECOMPILE_PREFIX_HEADER = YES;
				GCC_PREFIX_HEADER = cpplox/pch.pch;
				GCC_PREPROCESSOR_DEFINITIONS = (
					"DEBUG=1",
					"$(inherited)",
				);
				GCC_WARN_64_TO_32_BIT_CONVERSION = YES;
				GCC_WARN_ABOUT_RETURN_TYPE = YES_ERROR;
				GCC_WARN_UNDECLARED_SELECTOR = YES;
				GCC_WARN_UNINITIALIZED_AUTOS = YES_AGGRESSIVE;
				GCC_WARN_UNUSED_FUNCTION = YES;
				GCC_WARN_UNUSED_VARIABLE = YES;
				HEADER_SEARCH_PATHS = /usr/local/include;
				LIBRARY_SEARCH_PATHS = /usr/local/lib/;
				MACOSX_DEPLOYMENT_TARGET = 11.1;
				MTL_ENABLE_DEBUG_INFO = INCLUDE_SOURCE;
				MTL_FAST_MATH = YES;
				ONLY_ACTIVE_ARCH = YES;
				SDKROOT = macosx;
			};
			name = Debug;
		};
		90E1B4C325BC870C003A74C5 /* Release */ = {
			isa = XCBuildConfiguration;
			buildSettings = {
				ALWAYS_SEARCH_USER_PATHS = NO;
				CLANG_ANALYZER_NONNULL = YES;
				CLANG_ANALYZER_NUMBER_OBJECT_CONVERSION = YES_AGGRESSIVE;
				CLANG_CXX_LANGUAGE_STANDARD = "c++17";
				CLANG_CXX_LIBRARY = "libc++";
				CLANG_ENABLE_MODULES = YES;
				CLANG_ENABLE_OBJC_ARC = YES;
				CLANG_ENABLE_OBJC_WEAK = YES;
				CLANG_WARN_BLOCK_CAPTURE_AUTORELEASING = YES;
				CLANG_WARN_BOOL_CONVERSION = YES;
				CLANG_WARN_COMMA = YES;
				CLANG_WARN_CONSTANT_CONVERSION = YES;
				CLANG_WARN_DEPRECATED_OBJC_IMPLEMENTATIONS = YES;
				CLANG_WARN_DIRECT_OBJC_ISA_USAGE = YES_ERROR;
				CLANG_WARN_DOCUMENTATION_COMMENTS = YES;
				CLANG_WARN_EMPTY_BODY = YES;
				CLANG_WARN_ENUM_CONVERSION = YES;
				CLANG_WARN_INFINITE_RECURSION = YES;
				CLANG_WARN_INT_CONVERSION = YES;
				CLANG_WARN_NON_LITERAL_NULL_CONVERSION = YES;
				CLANG_WARN_OBJC_IMPLICIT_RETAIN_SELF = YES;
				CLANG_WARN_OBJC_LITERAL_CONVERSION = YES;
				CLANG_WARN_OBJC_ROOT_CLASS = YES_ERROR;
				CLANG_WARN_QUOTED_INCLUDE_IN_FRAMEWORK_HEADER = YES;
				CLANG_WARN_RANGE_LOOP_ANALYSIS = YES;
				CLANG_WARN_STRICT_PROTOTYPES = YES;
				CLANG_WARN_SUSPICIOUS_MOVE = YES;
				CLANG_WARN_UNGUARDED_AVAILABILITY = YES_AGGRESSIVE;
				CLANG_WARN_UNREACHABLE_CODE = YES;
				CLANG_WARN__DUPLICATE_METHOD_MATCH = YES;
				COPY_PHASE_STRIP = NO;
				DEBUG_INFORMATION_FORMAT = "dwarf-with-dsym";
				ENABLE_NS_ASSERTIONS = NO;
				ENABLE_STRICT_OBJC_MSGSEND = YES;
				FRAMEWORK_SEARCH_PATHS = /usr/local/lib;
				GCC_C_LANGUAGE_STANDARD = gnu11;
				GCC_NO_COMMON_BLOCKS = YES;
				GCC_PRECOMPILE_PREFIX_HEADER = YES;
				GCC_PREFIX_HEADER = cpplox/pch.pch;
				GCC_WARN_64_TO_32_BIT_CONVERSION = YES;
				GCC_WARN_ABOUT_RETURN_TYPE = YES_ERROR;
				GCC_WARN_UNDECLARED_SELECTOR = YES;
				GCC_WARN_UNINITIALIZED_AUTOS = YES_AGGRESSIVE;
				GCC_WARN_UNUSED_FUNCTION = YES;
				GCC_WARN_UNUSED_VARIABLE = YES;
				HEADER_SEARCH_PATHS = /usr/local/include;
				LIBRARY_SEARCH_PATHS = /usr/local/lib/;
				MACOSX_DEPLOYMENT_TARGET = 11.1;
				MTL_ENABLE_DEBUG_INFO = NO;
				MTL_FAST_MATH = YES;
				SDKROOT = macosx;
			};
			name = Release;
		};
		90E1B4C525BC870C003A74C5 /* Debug */ = {
			isa = XCBuildConfiguration;
			buildSettings = {
				CLANG_CXX_LANGUAGE_STANDARD = "c++17";
				CODE_SIGN_IDENTITY = "-";
				CODE_SIGN_STYLE = Automatic;
				LIBRARY_SEARCH_PATHS = (
					"$(inherited)",
					/usr/local/Cellar/boost/1.76.0/lib,
					/usr/local/Cellar/googletest/1.11.0/lib,
				);
				PRODUCT_NAME = "$(TARGET_NAME)";
			};
			name = Debug;
		};
		90E1B4C625BC870C003A74C5 /* Release */ = {
			isa = XCBuildConfiguration;
			buildSettings = {
				CLANG_CXX_LANGUAGE_STANDARD = "c++17";
				CODE_SIGN_IDENTITY = "-";
				CODE_SIGN_STYLE = Automatic;
				LIBRARY_SEARCH_PATHS = (
					"$(inherited)",
					/usr/local/Cellar/boost/1.76.0/lib,
					/usr/local/Cellar/googletest/1.11.0/lib,
				);
				PRODUCT_NAME = "$(TARGET_NAME)";
			};
			name = Release;
		};
/* End XCBuildConfiguration section */

/* Begin XCConfigurationList section */
		90CF7EC32785F386009AB1F0 /* Build configuration list for PBXNativeTarget "cpplox_test" */ = {
			isa = XCConfigurationList;
			buildConfigurations = (
				90CF7EC42785F386009AB1F0 /* Debug */,
				90CF7EC52785F386009AB1F0 /* Release */,
			);
			defaultConfigurationIsVisible = 0;
			defaultConfigurationName = Release;
		};
		90E1B4B825BC870C003A74C5 /* Build configuration list for PBXProject "cpplox" */ = {
			isa = XCConfigurationList;
			buildConfigurations = (
				90E1B4C225BC870C003A74C5 /* Debug */,
				90E1B4C325BC870C003A74C5 /* Release */,
			);
			defaultConfigurationIsVisible = 0;
			defaultConfigurationName = Release;
		};
		90E1B4C425BC870C003A74C5 /* Build configuration list for PBXNativeTarget "cpplox" */ = {
			isa = XCConfigurationList;
			buildConfigurations = (
				90E1B4C525BC870C003A74C5 /* Debug */,
				90E1B4C625BC870C003A74C5 /* Release */,
			);
			defaultConfigurationIsVisible = 0;
			defaultConfigurationName = Release;
		};
/* End XCConfigurationList section */
	};
	rootObject = 90E1B4B525BC870C003A74C5 /* Project object */;
}
